
Microsoft Visual Studio Solution File, Format Version 12.00
# Visual Studio Version 16
VisualStudioVersion = 16.0.30804.86
MinimumVisualStudioVersion = 10.0.40219.1
Project("{FAE04EC0-301F-11D3-BF4B-00C04F79EFBC}") = "AttendanceCheck", "AttendanceCheck\AttendanceCheck.csproj", "{B388B967-667A-4260-934A-3316349EA584}"
EndProject
Global
	GlobalSection(SolutionConfigurationPlatforms) = preSolution
		Debug|Any CPU = Debug|Any CPU
		Release|Any CPU = Release|Any CPU
	EndGlobalSection
	GlobalSection(ProjectConfigurationPlatforms) = postSolution
		{B388B967-667A-4260-934A-3316349EA584}.Debug|Any CPU.ActiveCfg = Debug|Any CPU
		{B388B967-667A-4260-934A-3316349EA584}.Debug|Any CPU.Build.0 = Debug|Any CPU
		{B388B967-667A-4260-934A-3316349EA584}.Release|Any CPU.ActiveCfg = Release|Any CPU
		{B388B967-667A-4260-934A-3316349EA584}.Release|Any CPU.Build.0 = Release|Any CPU
	EndGlobalSection
	GlobalSection(SolutionProperties) = preSolution
		HideSolutionNode = FALSE
	EndGlobalSection
	GlobalSection(ExtensibilityGlobals) = postSolution
		SolutionGuid = {C7F44D99-3173-4922-B368-D01A338BEFDB}
	EndGlobalSection
EndGlobal
